// !$*UTF8*$!
{
	archiveVersion = 1;
	classes = {
	};
	objectVersion = 46;
	objects = {

/* Begin PBXBuildFile section */
		8601B0AC195C01E700A71554 /* AppDelegate.swift in Sources */ = {isa = PBXBuildFile; fileRef = 8601B0AB195C01E700A71554 /* AppDelegate.swift */; };
		8601B0AE195C01E700A71554 /* ViewController.swift in Sources */ = {isa = PBXBuildFile; fileRef = 8601B0AD195C01E700A71554 /* ViewController.swift */; };
		8601B0B1195C01E700A71554 /* Main.storyboard in Resources */ = {isa = PBXBuildFile; fileRef = 8601B0AF195C01E700A71554 /* Main.storyboard */; };
		8601B0B3195C01E700A71554 /* Images.xcassets in Resources */ = {isa = PBXBuildFile; fileRef = 8601B0B2195C01E700A71554 /* Images.xcassets */; };
		8601B0BF195C01E800A71554 /* DuckAnswersTests.swift in Sources */ = {isa = PBXBuildFile; fileRef = 8601B0BE195C01E800A71554 /* DuckAnswersTests.swift */; };
		8601B0CA195C020700A71554 /* Api.swift in Sources */ = {isa = PBXBuildFile; fileRef = 8601B0C9195C020700A71554 /* Api.swift */; };
		8601B0CD195C098300A71554 /* Answer.swift in Sources */ = {isa = PBXBuildFile; fileRef = 8601B0CC195C098300A71554 /* Answer.swift */; };
		8601B0D0195C472D00A71554 /* JSONValue.swift in Sources */ = {isa = PBXBuildFile; fileRef = 8601B0CF195C472D00A71554 /* JSONValue.swift */; };
		8601B0D2195C671200A71554 /* RelatedTopic.swift in Sources */ = {isa = PBXBuildFile; fileRef = 8601B0D1195C671200A71554 /* RelatedTopic.swift */; };
		8658E7A31961479C00DBAEE3 /* Icon.swift in Sources */ = {isa = PBXBuildFile; fileRef = 8658E7A21961479C00DBAEE3 /* Icon.swift */; };
/* End PBXBuildFile section */

/* Begin PBXContainerItemProxy section */
		8601B0B9195C01E800A71554 /* PBXContainerItemProxy */ = {
			isa = PBXContainerItemProxy;
			containerPortal = 8601B09E195C01E700A71554 /* Project object */;
			proxyType = 1;
			remoteGlobalIDString = 8601B0A5195C01E700A71554;
			remoteInfo = DuckAnswers;
		};
/* End PBXContainerItemProxy section */

/* Begin PBXFileReference section */
		8601B0A6195C01E700A71554 /* DuckAnswers.app */ = {isa = PBXFileReference; explicitFileType = wrapper.application; includeInIndex = 0; path = DuckAnswers.app; sourceTree = BUILT_PRODUCTS_DIR; };
		8601B0AA195C01E700A71554 /* Info.plist */ = {isa = PBXFileReference; lastKnownFileType = text.plist.xml; path = Info.plist; sourceTree = "<group>"; };
		8601B0AB195C01E700A71554 /* AppDelegate.swift */ = {isa = PBXFileReference; lastKnownFileType = sourcecode.swift; path = AppDelegate.swift; sourceTree = "<group>"; };
		8601B0AD195C01E700A71554 /* ViewController.swift */ = {isa = PBXFileReference; lastKnownFileType = sourcecode.swift; path = ViewController.swift; sourceTree = "<group>"; };
		8601B0B0195C01E700A71554 /* Base */ = {isa = PBXFileReference; lastKnownFileType = file.storyboard; name = Base; path = Base.lproj/Main.storyboard; sourceTree = "<group>"; };
		8601B0B2195C01E700A71554 /* Images.xcassets */ = {isa = PBXFileReference; lastKnownFileType = folder.assetcatalog; path = Images.xcassets; sourceTree = "<group>"; };
		8601B0B8195C01E800A71554 /* DuckAnswersTests.xctest */ = {isa = PBXFileReference; explicitFileType = wrapper.cfbundle; includeInIndex = 0; path = DuckAnswersTests.xctest; sourceTree = BUILT_PRODUCTS_DIR; };
		8601B0BD195C01E800A71554 /* Info.plist */ = {isa = PBXFileReference; lastKnownFileType = text.plist.xml; path = Info.plist; sourceTree = "<group>"; };
		8601B0BE195C01E800A71554 /* DuckAnswersTests.swift */ = {isa = PBXFileReference; lastKnownFileType = sourcecode.swift; path = DuckAnswersTests.swift; sourceTree = "<group>"; };
		8601B0C9195C020700A71554 /* Api.swift */ = {isa = PBXFileReference; fileEncoding = 4; lastKnownFileType = sourcecode.swift; path = Api.swift; sourceTree = "<group>"; };
		8601B0CC195C098300A71554 /* Answer.swift */ = {isa = PBXFileReference; fileEncoding = 4; lastKnownFileType = sourcecode.swift; path = Answer.swift; sourceTree = "<group>"; };
		8601B0CF195C472D00A71554 /* JSONValue.swift */ = {isa = PBXFileReference; fileEncoding = 4; lastKnownFileType = sourcecode.swift; path = JSONValue.swift; sourceTree = "<group>"; };
		8601B0D1195C671200A71554 /* RelatedTopic.swift */ = {isa = PBXFileReference; fileEncoding = 4; lastKnownFileType = sourcecode.swift; path = RelatedTopic.swift; sourceTree = "<group>"; };
		8658E7A21961479C00DBAEE3 /* Icon.swift */ = {isa = PBXFileReference; fileEncoding = 4; lastKnownFileType = sourcecode.swift; path = Icon.swift; sourceTree = "<group>"; };
/* End PBXFileReference section */

/* Begin PBXFrameworksBuildPhase section */
		8601B0A3195C01E700A71554 /* Frameworks */ = {
			isa = PBXFrameworksBuildPhase;
			buildActionMask = 2147483647;
			files = (
			);
			runOnlyForDeploymentPostprocessing = 0;
		};
		8601B0B5195C01E800A71554 /* Frameworks */ = {
			isa = PBXFrameworksBuildPhase;
			buildActionMask = 2147483647;
			files = (
			);
			runOnlyForDeploymentPostprocessing = 0;
		};
/* End PBXFrameworksBuildPhase section */

/* Begin PBXGroup section */
		8601B09D195C01E700A71554 = {
			isa = PBXGroup;
			children = (
				8601B0A8195C01E700A71554 /* DuckAnswers */,
				8601B0BB195C01E800A71554 /* DuckAnswersTests */,
				8601B0A7195C01E700A71554 /* Products */,
			);
			sourceTree = "<group>";
		};
		8601B0A7195C01E700A71554 /* Products */ = {
			isa = PBXGroup;
			children = (
				8601B0A6195C01E700A71554 /* DuckAnswers.app */,
				8601B0B8195C01E800A71554 /* DuckAnswersTests.xctest */,
			);
			name = Products;
			sourceTree = "<group>";
		};
		8601B0A8195C01E700A71554 /* DuckAnswers */ = {
			isa = PBXGroup;
			children = (
				8601B0CB195C021C00A71554 /* Models */,
				8601B0C8195C01EF00A71554 /* API */,
				8601B0AB195C01E700A71554 /* AppDelegate.swift */,
				8601B0AD195C01E700A71554 /* ViewController.swift */,
				8601B0AF195C01E700A71554 /* Main.storyboard */,
				8601B0B2195C01E700A71554 /* Images.xcassets */,
				8601B0A9195C01E700A71554 /* Supporting Files */,
			);
			path = DuckAnswers;
			sourceTree = "<group>";
		};
		8601B0A9195C01E700A71554 /* Supporting Files */ = {
			isa = PBXGroup;
			children = (
				8601B0AA195C01E700A71554 /* Info.plist */,
			);
			name = "Supporting Files";
			sourceTree = "<group>";
		};
		8601B0BB195C01E800A71554 /* DuckAnswersTests */ = {
			isa = PBXGroup;
			children = (
				8601B0BE195C01E800A71554 /* DuckAnswersTests.swift */,
				8601B0BC195C01E800A71554 /* Supporting Files */,
			);
			path = DuckAnswersTests;
			sourceTree = "<group>";
		};
		8601B0BC195C01E800A71554 /* Supporting Files */ = {
			isa = PBXGroup;
			children = (
				8601B0BD195C01E800A71554 /* Info.plist */,
			);
			name = "Supporting Files";
			sourceTree = "<group>";
		};
		8601B0C8195C01EF00A71554 /* API */ = {
			isa = PBXGroup;
			children = (
				8601B0C9195C020700A71554 /* Api.swift */,
				8601B0CF195C472D00A71554 /* JSONValue.swift */,
			);
			name = API;
			sourceTree = "<group>";
		};
		8601B0CB195C021C00A71554 /* Models */ = {
			isa = PBXGroup;
			children = (
				8601B0CC195C098300A71554 /* Answer.swift */,
				8601B0D1195C671200A71554 /* RelatedTopic.swift */,
				8658E7A21961479C00DBAEE3 /* Icon.swift */,
			);
			name = Models;
			sourceTree = "<group>";
		};
/* End PBXGroup section */

/* Begin PBXNativeTarget section */
		8601B0A5195C01E700A71554 /* DuckAnswers */ = {
			isa = PBXNativeTarget;
			buildConfigurationList = 8601B0C2195C01E800A71554 /* Build configuration list for PBXNativeTarget "DuckAnswers" */;
			buildPhases = (
				8601B0A2195C01E700A71554 /* Sources */,
				8601B0A3195C01E700A71554 /* Frameworks */,
				8601B0A4195C01E700A71554 /* Resources */,
			);
			buildRules = (
			);
			dependencies = (
			);
			name = DuckAnswers;
			productName = DuckAnswers;
			productReference = 8601B0A6195C01E700A71554 /* DuckAnswers.app */;
			productType = "com.apple.product-type.application";
		};
		8601B0B7195C01E800A71554 /* DuckAnswersTests */ = {
			isa = PBXNativeTarget;
			buildConfigurationList = 8601B0C5195C01E800A71554 /* Build configuration list for PBXNativeTarget "DuckAnswersTests" */;
			buildPhases = (
				8601B0B4195C01E800A71554 /* Sources */,
				8601B0B5195C01E800A71554 /* Frameworks */,
				8601B0B6195C01E800A71554 /* Resources */,
			);
			buildRules = (
			);
			dependencies = (
				8601B0BA195C01E800A71554 /* PBXTargetDependency */,
			);
			name = DuckAnswersTests;
			productName = DuckAnswersTests;
			productReference = 8601B0B8195C01E800A71554 /* DuckAnswersTests.xctest */;
			productType = "com.apple.product-type.bundle.unit-test";
		};
/* End PBXNativeTarget section */

/* Begin PBXProject section */
		8601B09E195C01E700A71554 /* Project object */ = {
			isa = PBXProject;
			attributes = {
				LastUpgradeCheck = 0600;
				ORGANIZATIONNAME = twlopes;
				TargetAttributes = {
					8601B0A5195C01E700A71554 = {
						CreatedOnToolsVersion = 6.0;
					};
					8601B0B7195C01E800A71554 = {
						CreatedOnToolsVersion = 6.0;
						TestTargetID = 8601B0A5195C01E700A71554;
					};
				};
			};
			buildConfigurationList = 8601B0A1195C01E700A71554 /* Build configuration list for PBXProject "DuckAnswers" */;
			compatibilityVersion = "Xcode 3.2";
			developmentRegion = English;
			hasScannedForEncodings = 0;
			knownRegions = (
				en,
				Base,
			);
			mainGroup = 8601B09D195C01E700A71554;
			productRefGroup = 8601B0A7195C01E700A71554 /* Products */;
			projectDirPath = "";
			projectRoot = "";
			targets = (
				8601B0A5195C01E700A71554 /* DuckAnswers */,
				8601B0B7195C01E800A71554 /* DuckAnswersTests */,
			);
		};
/* End PBXProject section */

/* Begin PBXResourcesBuildPhase section */
		8601B0A4195C01E700A71554 /* Resources */ = {
			isa = PBXResourcesBuildPhase;
			buildActionMask = 2147483647;
			files = (
				8601B0B1195C01E700A71554 /* Main.storyboard in Resources */,
				8601B0B3195C01E700A71554 /* Images.xcassets in Resources */,
			);
			runOnlyForDeploymentPostprocessing = 0;
		};
		8601B0B6195C01E800A71554 /* Resources */ = {
			isa = PBXResourcesBuildPhase;
			buildActionMask = 2147483647;
			files = (
			);
			runOnlyForDeploymentPostprocessing = 0;
		};
/* End PBXResourcesBuildPhase section */

/* Begin PBXSourcesBuildPhase section */
		8601B0A2195C01E700A71554 /* Sources */ = {
			isa = PBXSourcesBuildPhase;
			buildActionMask = 2147483647;
			files = (
				8601B0CA195C020700A71554 /* Api.swift in Sources */,
				8601B0D2195C671200A71554 /* RelatedTopic.swift in Sources */,
				8658E7A31961479C00DBAEE3 /* Icon.swift in Sources */,
				8601B0AE195C01E700A71554 /* ViewController.swift in Sources */,
				8601B0AC195C01E700A71554 /* AppDelegate.swift in Sources */,
				8601B0CD195C098300A71554 /* Answer.swift in Sources */,
				8601B0D0195C472D00A71554 /* JSONValue.swift in Sources */,
			);
			runOnlyForDeploymentPostprocessing = 0;
		};
		8601B0B4195C01E800A71554 /* Sources */ = {
			isa = PBXSourcesBuildPhase;
			buildActionMask = 2147483647;
			files = (
				8601B0BF195C01E800A71554 /* DuckAnswersTests.swift in Sources */,
			);
			runOnlyForDeploymentPostprocessing = 0;
		};
/* End PBXSourcesBuildPhase section */

/* Begin PBXTargetDependency section */
		8601B0BA195C01E800A71554 /* PBXTargetDependency */ = {
			isa = PBXTargetDependency;
			target = 8601B0A5195C01E700A71554 /* DuckAnswers */;
			targetProxy = 8601B0B9195C01E800A71554 /* PBXContainerItemProxy */;
		};
/* End PBXTargetDependency section */

/* Begin PBXVariantGroup section */
		8601B0AF195C01E700A71554 /* Main.storyboard */ = {
			isa = PBXVariantGroup;
			children = (
				8601B0B0195C01E700A71554 /* Base */,
			);
			name = Main.storyboard;
			sourceTree = "<group>";
		};
/* End PBXVariantGroup section */

/* Begin XCBuildConfiguration section */
		8601B0C0195C01E800A71554 /* Debug */ = {
			isa = XCBuildConfiguration;
			buildSettings = {
				ALWAYS_SEARCH_USER_PATHS = NO;
				CLANG_CXX_LANGUAGE_STANDARD = "gnu++0x";
				CLANG_CXX_LIBRARY = "libc++";
				CLANG_ENABLE_MODULES = YES;
				CLANG_ENABLE_OBJC_ARC = YES;
				CLANG_WARN_BOOL_CONVERSION = YES;
				CLANG_WARN_CONSTANT_CONVERSION = YES;
				CLANG_WARN_DIRECT_OBJC_ISA_USAGE = YES_ERROR;
				CLANG_WARN_EMPTY_BODY = YES;
				CLANG_WARN_ENUM_CONVERSION = YES;
				CLANG_WARN_INT_CONVERSION = YES;
				CLANG_WARN_OBJC_ROOT_CLASS = YES_ERROR;
				CLANG_WARN_UNREACHABLE_CODE = YES;
				CLANG_WARN__DUPLICATE_METHOD_MATCH = YES;
				"CODE_SIGN_IDENTITY[sdk=iphoneos*]" = "iPhone Developer";
				COPY_PHASE_STRIP = NO;
				ENABLE_STRICT_OBJC_MSGSEND = YES;
				GCC_C_LANGUAGE_STANDARD = gnu99;
				GCC_DYNAMIC_NO_PIC = NO;
				GCC_OPTIMIZATION_LEVEL = 0;
				GCC_PREPROCESSOR_DEFINITIONS = (
					"DEBUG=1",
					"$(inherited)",
				);
				GCC_SYMBOLS_PRIVATE_EXTERN = NO;
				GCC_WARN_64_TO_32_BIT_CONVERSION = YES;
				GCC_WARN_ABOUT_RETURN_TYPE = YES_ERROR;
				GCC_WARN_UNDECLARED_SELECTOR = YES;
				GCC_WARN_UNINITIALIZED_AUTOS = YES_AGGRESSIVE;
				GCC_WARN_UNUSED_FUNCTION = YES;
				GCC_WARN_UNUSED_VARIABLE = YES;
				IPHONEOS_DEPLOYMENT_TARGET = 8.0;
				METAL_ENABLE_DEBUG_INFO = YES;
				ONLY_ACTIVE_ARCH = YES;
				SDKROOT = iphoneos;
				SWIFT_OPTIMIZATION_LEVEL = "-Onone";
				TARGETED_DEVICE_FAMILY = "1,2";
			};
			name = Debug;
		};
		8601B0C1195C01E800A71554 /* Release */ = {
			isa = XCBuildConfiguration;
			buildSettings = {
				ALWAYS_SEARCH_USER_PATHS = NO;
				CLANG_CXX_LANGUAGE_STANDARD = "gnu++0x";
				CLANG_CXX_LIBRARY = "libc++";
				CLANG_ENABLE_MODULES = YES;
				CLANG_ENABLE_OBJC_ARC = YES;
				CLANG_WARN_BOOL_CONVERSION = YES;
				CLANG_WARN_CONSTANT_CONVERSION = YES;
				CLANG_WARN_DIRECT_OBJC_ISA_USAGE = YES_ERROR;
				CLANG_WARN_EMPTY_BODY = YES;
				CLANG_WARN_ENUM_CONVERSION = YES;
				CLANG_WARN_INT_CONVERSION = YES;
				CLANG_WARN_OBJC_ROOT_CLASS = YES_ERROR;
				CLANG_WARN_UNREACHABLE_CODE = YES;
				CLANG_WARN__DUPLICATE_METHOD_MATCH = YES;
				"CODE_SIGN_IDENTITY[sdk=iphoneos*]" = "iPhone Developer";
				COPY_PHASE_STRIP = YES;
				ENABLE_NS_ASSERTIONS = NO;
				ENABLE_STRICT_OBJC_MSGSEND = YES;
				GCC_C_LANGUAGE_STANDARD = gnu99;
				GCC_WARN_64_TO_32_BIT_CONVERSION = YES;
				GCC_WARN_ABOUT_RETURN_TYPE = YES_ERROR;
				GCC_WARN_UNDECLARED_SELECTOR = YES;
				GCC_WARN_UNINITIALIZED_AUTOS = YES_AGGRESSIVE;
				GCC_WARN_UNUSED_FUNCTION = YES;
				GCC_WARN_UNUSED_VARIABLE = YES;
				IPHONEOS_DEPLOYMENT_TARGET = 8.0;
				METAL_ENABLE_DEBUG_INFO = NO;
				SDKROOT = iphoneos;
				TARGETED_DEVICE_FAMILY = "1,2";
				VALIDATE_PRODUCT = YES;
			};
			name = Release;
		};
		8601B0C3195C01E800A71554 /* Debug */ = {
			isa = XCBuildConfiguration;
			buildSettings = {
				ASSETCATALOG_COMPILER_APPICON_NAME = AppIcon;
				ASSETCATALOG_COMPILER_LAUNCHIMAGE_NAME = LaunchImage;
				INFOPLIST_FILE = DuckAnswers/Info.plist;
				LD_RUNPATH_SEARCH_PATHS = "$(inherited) @executable_path/Frameworks";
				PRODUCT_NAME = "$(TARGET_NAME)";
			};
			name = Debug;
		};
		8601B0C4195C01E800A71554 /* Release */ = {
			isa = XCBuildConfiguration;
			buildSettings = {
				ASSETCATALOG_COMPILER_APPICON_NAME = AppIcon;
				ASSETCATALOG_COMPILER_LAUNCHIMAGE_NAME = LaunchImage;
				INFOPLIST_FILE = DuckAnswers/Info.plist;
				LD_RUNPATH_SEARCH_PATHS = "$(inherited) @executable_path/Frameworks";
				PRODUCT_NAME = "$(TARGET_NAME)";
			};
			name = Release;
		};
		8601B0C6195C01E800A71554 /* Debug */ = {
			isa = XCBuildConfiguration;
			buildSettings = {
				BUNDLE_LOADER = "$(BUILT_PRODUCTS_DIR)/DuckAnswers.app/DuckAnswers";
				FRAMEWORK_SEARCH_PATHS = (
					"$(SDKROOT)/Developer/Library/Frameworks",
					"$(inherited)",
				);
				GCC_PREPROCESSOR_DEFINITIONS = (
					"DEBUG=1",
					"$(inherited)",
				);
				INFOPLIST_FILE = DuckAnswersTests/Info.plist;
				LD_RUNPATH_SEARCH_PATHS = "$(inherited) @executable_path/Frameworks @loader_path/Frameworks";
				METAL_ENABLE_DEBUG_INFO = YES;
				PRODUCT_NAME = "$(TARGET_NAME)";
				TEST_HOST = "$(BUNDLE_LOADER)";
			};
			name = Debug;
		};
		8601B0C7195C01E800A71554 /* Release */ = {
			isa = XCBuildConfiguration;
			buildSettings = {
				BUNDLE_LOADER = "$(BUILT_PRODUCTS_DIR)/DuckAnswers.app/DuckAnswers";
				FRAMEWORK_SEARCH_PATHS = (
					"$(SDKROOT)/Developer/Library/Frameworks",
					"$(inherited)",
				);
				INFOPLIST_FILE = DuckAnswersTests/Info.plist;
				LD_RUNPATH_SEARCH_PATHS = "$(inherited) @executable_path/Frameworks @loader_path/Frameworks";
				METAL_ENABLE_DEBUG_INFO = NO;
				PRODUCT_NAME = "$(TARGET_NAME)";
				TEST_HOST = "$(BUNDLE_LOADER)";
			};
			name = Release;
		};
/* End XCBuildConfiguration section */

/* Begin XCConfigurationList section */
		8601B0A1195C01E700A71554 /* Build configuration list for PBXProject "DuckAnswers" */ = {
			isa = XCConfigurationList;
			buildConfigurations = (
				8601B0C0195C01E800A71554 /* Debug */,
				8601B0C1195C01E800A71554 /* Release */,
			);
			defaultConfigurationIsVisible = 0;
			defaultConfigurationName = Release;
		};
		8601B0C2195C01E800A71554 /* Build configuration list for PBXNativeTarget "DuckAnswers" */ = {
			isa = XCConfigurationList;
			buildConfigurations = (
				8601B0C3195C01E800A71554 /* Debug */,
				8601B0C4195C01E800A71554 /* Release */,
			);
			defaultConfigurationIsVisible = 0;
			defaultConfigurationName = Release;
		};
		8601B0C5195C01E800A71554 /* Build configuration list for PBXNativeTarget "DuckAnswersTests" */ = {
			isa = XCConfigurationList;
			buildConfigurations = (
				8601B0C6195C01E800A71554 /* Debug */,
				8601B0C7195C01E800A71554 /* Release */,
			);
			defaultConfigurationIsVisible = 0;
			defaultConfigurationName = Release;
		};
/* End XCConfigurationList section */
	};
	rootObject = 8601B09E195C01E700A71554 /* Project object */;
}
